// !$*UTF8*$!
{
	archiveVersion = 1;
	classes = {
	};
	objectVersion = 46;
	objects = {

/* Begin PBXBuildFile section */
		0638114119849767006FEA97 /* SwiftDocParser.swift in Sources */ = {isa = PBXBuildFile; fileRef = 0638114019849767006FEA97 /* SwiftDocParser.swift */; };
		0647B2F71983E1F0001A3899 /* main.swift in Sources */ = {isa = PBXBuildFile; fileRef = 0647B2F61983E1F0001A3899 /* main.swift */; };
		2CB49F58F98F463AB9C68539 /* libPods.a in Frameworks */ = {isa = PBXBuildFile; fileRef = C85072132D63458D80725A6B /* libPods.a */; };
/* End PBXBuildFile section */

/* Begin PBXCopyFilesBuildPhase section */
		0647B2F11983E1F0001A3899 /* CopyFiles */ = {
			isa = PBXCopyFilesBuildPhase;
			buildActionMask = 2147483647;
			dstPath = /usr/share/man/man1/;
			dstSubfolderSpec = 0;
			files = (
			);
			runOnlyForDeploymentPostprocessing = 1;
		};
/* End PBXCopyFilesBuildPhase section */

/* Begin PBXFileReference section */
		0638113D19847FBB006FEA97 /* SwiftDocParser-Bridging-Header.h */ = {isa = PBXFileReference; lastKnownFileType = sourcecode.c.h; path = "SwiftDocParser-Bridging-Header.h"; sourceTree = "<group>"; };
		0638114019849767006FEA97 /* SwiftDocParser.swift */ = {isa = PBXFileReference; fileEncoding = 4; lastKnownFileType = sourcecode.swift; path = SwiftDocParser.swift; sourceTree = "<group>"; };
		0647B2F31983E1F0001A3899 /* SwiftDocParser */ = {isa = PBXFileReference; explicitFileType = "compiled.mach-o.executable"; includeInIndex = 0; path = SwiftDocParser; sourceTree = BUILT_PRODUCTS_DIR; };
		0647B2F61983E1F0001A3899 /* main.swift */ = {isa = PBXFileReference; lastKnownFileType = sourcecode.swift; path = main.swift; sourceTree = "<group>"; };
		737BCB7B9F5B4C9DB775CB05 /* Pods.xcconfig */ = {isa = PBXFileReference; includeInIndex = 1; lastKnownFileType = text.xcconfig; name = Pods.xcconfig; path = Pods/Pods.xcconfig; sourceTree = "<group>"; };
		C85072132D63458D80725A6B /* libPods.a */ = {isa = PBXFileReference; explicitFileType = archive.ar; includeInIndex = 0; path = libPods.a; sourceTree = BUILT_PRODUCTS_DIR; };
/* End PBXFileReference section */

/* Begin PBXFrameworksBuildPhase section */
		0647B2F01983E1F0001A3899 /* Frameworks */ = {
			isa = PBXFrameworksBuildPhase;
			buildActionMask = 2147483647;
			files = (
				2CB49F58F98F463AB9C68539 /* libPods.a in Frameworks */,
			);
			runOnlyForDeploymentPostprocessing = 0;
		};
/* End PBXFrameworksBuildPhase section */

/* Begin PBXGroup section */
		0647B2EA1983E1F0001A3899 = {
			isa = PBXGroup;
			children = (
				0647B2F51983E1F0001A3899 /* SwiftDocParser */,
				0647B2F41983E1F0001A3899 /* Products */,
				737BCB7B9F5B4C9DB775CB05 /* Pods.xcconfig */,
				7B5ADE2D450046D18F2E7251 /* Frameworks */,
			);
			sourceTree = "<group>";
		};
		0647B2F41983E1F0001A3899 /* Products */ = {
			isa = PBXGroup;
			children = (
				0647B2F31983E1F0001A3899 /* SwiftDocParser */,
			);
			name = Products;
			sourceTree = "<group>";
		};
		0647B2F51983E1F0001A3899 /* SwiftDocParser */ = {
			isa = PBXGroup;
			children = (
				0647B2F61983E1F0001A3899 /* main.swift */,
				0638114019849767006FEA97 /* SwiftDocParser.swift */,
				0638113D19847FBB006FEA97 /* SwiftDocParser-Bridging-Header.h */,
			);
			path = SwiftDocParser;
			sourceTree = "<group>";
		};
		7B5ADE2D450046D18F2E7251 /* Frameworks */ = {
			isa = PBXGroup;
			children = (
				C85072132D63458D80725A6B /* libPods.a */,
			);
			name = Frameworks;
			sourceTree = "<group>";
		};
/* End PBXGroup section */

/* Begin PBXNativeTarget section */
		0647B2F21983E1F0001A3899 /* SwiftDocParser */ = {
			isa = PBXNativeTarget;
			buildConfigurationList = 0647B2FA1983E1F0001A3899 /* Build configuration list for PBXNativeTarget "SwiftDocParser" */;
			buildPhases = (
				770B2A6143F549FB99351841 /* Check Pods Manifest.lock */,
				0647B2EF1983E1F0001A3899 /* Sources */,
				0647B2F01983E1F0001A3899 /* Frameworks */,
				0647B2F11983E1F0001A3899 /* CopyFiles */,
				392F23E719FF4AE6BBB89DF7 /* Copy Pods Resources */,
			);
			buildRules = (
			);
			dependencies = (
			);
			name = SwiftDocParser;
			productName = SwiftDocParser;
			productReference = 0647B2F31983E1F0001A3899 /* SwiftDocParser */;
			productType = "com.apple.product-type.tool";
		};
/* End PBXNativeTarget section */

/* Begin PBXProject section */
		0647B2EB1983E1F0001A3899 /* Project object */ = {
			isa = PBXProject;
			attributes = {
				LastUpgradeCheck = 0600;
				ORGANIZATIONNAME = tokoro;
				TargetAttributes = {
					0647B2F21983E1F0001A3899 = {
						CreatedOnToolsVersion = 6.0;
					};
				};
			};
			buildConfigurationList = 0647B2EE1983E1F0001A3899 /* Build configuration list for PBXProject "SwiftDocParser" */;
			compatibilityVersion = "Xcode 3.2";
			developmentRegion = English;
			hasScannedForEncodings = 0;
			knownRegions = (
				en,
			);
			mainGroup = 0647B2EA1983E1F0001A3899;
			productRefGroup = 0647B2F41983E1F0001A3899 /* Products */;
			projectDirPath = "";
			projectRoot = "";
			targets = (
				0647B2F21983E1F0001A3899 /* SwiftDocParser */,
			);
		};
/* End PBXProject section */

/* Begin PBXShellScriptBuildPhase section */
		392F23E719FF4AE6BBB89DF7 /* Copy Pods Resources */ = {
			isa = PBXShellScriptBuildPhase;
			buildActionMask = 2147483647;
			files = (
			);
			inputPaths = (
			);
			name = "Copy Pods Resources";
			outputPaths = (
			);
			runOnlyForDeploymentPostprocessing = 0;
			shellPath = /bin/sh;
			shellScript = "\"${SRCROOT}/Pods/Pods-resources.sh\"\n";
			showEnvVarsInLog = 0;
		};
		770B2A6143F549FB99351841 /* Check Pods Manifest.lock */ = {
			isa = PBXShellScriptBuildPhase;
			buildActionMask = 2147483647;
			files = (
			);
			inputPaths = (
			);
			name = "Check Pods Manifest.lock";
			outputPaths = (
			);
			runOnlyForDeploymentPostprocessing = 0;
			shellPath = /bin/sh;
			shellScript = "diff \"${PODS_ROOT}/../Podfile.lock\" \"${PODS_ROOT}/Manifest.lock\" > /dev/null\nif [[ $? != 0 ]] ; then\n    cat << EOM\nerror: The sandbox is not in sync with the Podfile.lock. Run 'pod install' or update your CocoaPods installation.\nEOM\n    exit 1\nfi\n";
			showEnvVarsInLog = 0;
		};
/* End PBXShellScriptBuildPhase section */

/* Begin PBXSourcesBuildPhase section */
		0647B2EF1983E1F0001A3899 /* Sources */ = {
			isa = PBXSourcesBuildPhase;
			buildActionMask = 2147483647;
			files = (
				0647B2F71983E1F0001A3899 /* main.swift in Sources */,
				0638114119849767006FEA97 /* SwiftDocParser.swift in Sources */,
			);
			runOnlyForDeploymentPostprocessing = 0;
		};
/* End PBXSourcesBuildPhase section */

/* Begin XCBuildConfiguration section */
		0647B2F81983E1F0001A3899 /* Debug */ = {
			isa = XCBuildConfiguration;
			buildSettings = {
				ALWAYS_SEARCH_USER_PATHS = NO;
				CLANG_CXX_LANGUAGE_STANDARD = "gnu++0x";
				CLANG_CXX_LIBRARY = "libc++";
				CLANG_ENABLE_MODULES = YES;
				CLANG_ENABLE_OBJC_ARC = YES;
				CLANG_WARN_BOOL_CONVERSION = YES;
				CLANG_WARN_CONSTANT_CONVERSION = YES;
				CLANG_WARN_DIRECT_OBJC_ISA_USAGE = YES_ERROR;
				CLANG_WARN_EMPTY_BODY = YES;
				CLANG_WARN_ENUM_CONVERSION = YES;
				CLANG_WARN_INT_CONVERSION = YES;
				CLANG_WARN_OBJC_ROOT_CLASS = YES_ERROR;
				CLANG_WARN_UNREACHABLE_CODE = YES;
				CLANG_WARN__DUPLICATE_METHOD_MATCH = YES;
				COPY_PHASE_STRIP = NO;
				ENABLE_STRICT_OBJC_MSGSEND = YES;
				GCC_C_LANGUAGE_STANDARD = gnu99;
				GCC_DYNAMIC_NO_PIC = NO;
				GCC_OPTIMIZATION_LEVEL = 0;
				GCC_PREPROCESSOR_DEFINITIONS = (
					"DEBUG=1",
					"$(inherited)",
				);
				GCC_SYMBOLS_PRIVATE_EXTERN = NO;
				GCC_WARN_64_TO_32_BIT_CONVERSION = YES;
				GCC_WARN_ABOUT_RETURN_TYPE = YES_ERROR;
				GCC_WARN_UNDECLARED_SELECTOR = YES;
				GCC_WARN_UNINITIALIZED_AUTOS = YES_AGGRESSIVE;
				GCC_WARN_UNUSED_FUNCTION = YES;
				GCC_WARN_UNUSED_VARIABLE = YES;
				MACOSX_DEPLOYMENT_TARGET = 10.9;
				MTL_ENABLE_DEBUG_INFO = YES;
				ONLY_ACTIVE_ARCH = YES;
				SDKROOT = macosx;
				SWIFT_OPTIMIZATION_LEVEL = "-Onone";
			};
			name = Debug;
		};
		0647B2F91983E1F0001A3899 /* Release */ = {
			isa = XCBuildConfiguration;
			buildSettings = {
				ALWAYS_SEARCH_USER_PATHS = NO;
				CLANG_CXX_LANGUAGE_STANDARD = "gnu++0x";
				CLANG_CXX_LIBRARY = "libc++";
				CLANG_ENABLE_MODULES = YES;
				CLANG_ENABLE_OBJC_ARC = YES;
				CLANG_WARN_BOOL_CONVERSION = YES;
				CLANG_WARN_CONSTANT_CONVERSION = YES;
				CLANG_WARN_DIRECT_OBJC_ISA_USAGE = YES_ERROR;
				CLANG_WARN_EMPTY_BODY = YES;
				CLANG_WARN_ENUM_CONVERSION = YES;
				CLANG_WARN_INT_CONVERSION = YES;
				CLANG_WARN_OBJC_ROOT_CLASS = YES_ERROR;
				CLANG_WARN_UNREACHABLE_CODE = YES;
				CLANG_WARN__DUPLICATE_METHOD_MATCH = YES;
				COPY_PHASE_STRIP = YES;
				DEBUG_INFORMATION_FORMAT = "dwarf-with-dsym";
				ENABLE_NS_ASSERTIONS = NO;
				ENABLE_STRICT_OBJC_MSGSEND = YES;
				GCC_C_LANGUAGE_STANDARD = gnu99;
				GCC_WARN_64_TO_32_BIT_CONVERSION = YES;
				GCC_WARN_ABOUT_RETURN_TYPE = YES_ERROR;
				GCC_WARN_UNDECLARED_SELECTOR = YES;
				GCC_WARN_UNINITIALIZED_AUTOS = YES_AGGRESSIVE;
				GCC_WARN_UNUSED_FUNCTION = YES;
				GCC_WARN_UNUSED_VARIABLE = YES;
				MACOSX_DEPLOYMENT_TARGET = 10.9;
				MTL_ENABLE_DEBUG_INFO = NO;
				SDKROOT = macosx;
			};
			name = Release;
		};
		0647B2FB1983E1F0001A3899 /* Debug */ = {
			isa = XCBuildConfiguration;
			baseConfigurationReference = 737BCB7B9F5B4C9DB775CB05 /* Pods.xcconfig */;
			buildSettings = {
				CLANG_ENABLE_MODULES = YES;
				LD_RUNPATH_SEARCH_PATHS = "$(inherited) @executable_path/../Frameworks @loader_path/../Frameworks";
				PRODUCT_NAME = "$(TARGET_NAME)";
				SWIFT_OBJC_BRIDGING_HEADER = "SwiftDocParser/SwiftDocParser-Bridging-Header.h";
				SWIFT_OPTIMIZATION_LEVEL = "-Onone";
			};
			name = Debug;
		};
		0647B2FC1983E1F0001A3899 /* Release */ = {
			isa = XCBuildConfiguration;
			baseConfigurationReference = 737BCB7B9F5B4C9DB775CB05 /* Pods.xcconfig */;
			buildSettings = {
				CLANG_ENABLE_MODULES = YES;
				LD_RUNPATH_SEARCH_PATHS = "$(inherited) @executable_path/../Frameworks @loader_path/../Frameworks";
				PRODUCT_NAME = "$(TARGET_NAME)";
				SWIFT_OBJC_BRIDGING_HEADER = "SwiftDocParser/SwiftDocParser-Bridging-Header.h";
			};
			name = Release;
		};
/* End XCBuildConfiguration section */

/* Begin XCConfigurationList section */
		0647B2EE1983E1F0001A3899 /* Build configuration list for PBXProject "SwiftDocParser" */ = {
			isa = XCConfigurationList;
			buildConfigurations = (
				0647B2F81983E1F0001A3899 /* Debug */,
				0647B2F91983E1F0001A3899 /* Release */,
			);
			defaultConfigurationIsVisible = 0;
			defaultConfigurationName = Release;
		};
		0647B2FA1983E1F0001A3899 /* Build configuration list for PBXNativeTarget "SwiftDocParser" */ = {
			isa = XCConfigurationList;
			buildConfigurations = (
				0647B2FB1983E1F0001A3899 /* Debug */,
				0647B2FC1983E1F0001A3899 /* Release */,
			);
			defaultConfigurationIsVisible = 0;
			defaultConfigurationName = Release;
		};
/* End XCConfigurationList section */
	};
	rootObject = 0647B2EB1983E1F0001A3899 /* Project object */;
}
